<?xml version="1.0" encoding="utf-8"?>
<Project ToolsVersion="4.0" xmlns="http://schemas.microsoft.com/developer/msbuild/2003">
  <ItemGroup>
    <Filter Include="src">
      <UniqueIdentifier>{4FC737F1-C7A5-4376-A066-2A32D752A2FF}</UniqueIdentifier>
      <Extensions>cpp;c;cc;cxx;def;odl;idl;hpj;bat;asm;asmx</Extensions>
    </Filter>
    <Filter Include="resources">
      <UniqueIdentifier>{67DA6AB6-F800-4c08-8B7A-83BB121AAD01}</UniqueIdentifier>
      <Extensions>rc;ico;cur;bmp;dlg;rc2;rct;bin;rgs;gif;jpg;jpeg;jpe;resx;tiff;tif;png;wav</Extensions>
    </Filter>
    <Filter Include="data">
      <UniqueIdentifier>{fc5911e1-d5ba-4da3-9cfa-5631c6914487}</UniqueIdentifier>
    </Filter>
    <Filter Include="generated">
      <UniqueIdentifier>{bfb47e29-68f3-48bd-86c2-46b9f63d2597}</UniqueIdentifier>
    </Filter>
<Filter Include="src/common"><UniqueIdentifier>{f892cf8c-fe64-4780-a26b-5f2fc43bda07}</UniqueIdentifier></Filter><Filter Include="src/simulation"><UniqueIdentifier>{9708fcd4-06fe-4212-9e5a-07617b3d587c}</UniqueIdentifier></Filter><Filter Include="src/graphics"><UniqueIdentifier>{4bdfe10a-b181-4ae3-81f7-5103c4519e35}</UniqueIdentifier></Filter><Filter Include="src/json"><UniqueIdentifier>{99e37fe3-5c1b-4822-82bb-f0d272581908}</UniqueIdentifier></Filter><Filter Include="src/gui/colourpicker"><UniqueIdentifier>{2c032723-8196-4d37-a797-1523a830d597}</UniqueIdentifier></Filter><Filter Include="src/tasks"><UniqueIdentifier>{245a33bf-1e11-441b-b520-d8bba012c400}</UniqueIdentifier></Filter><Filter Include="src/gui/dialogues"><UniqueIdentifier>{fda07375-a6ef-49ec-b523-fe480a4115c5}</UniqueIdentifier></Filter><Filter Include="src/simulation/elements"><UniqueIdentifier>{9d08cdb4-f936-4132-9f27-cd11c87d01b7}</UniqueIdentifier></Filter><Filter Include="src/gui/save"><UniqueIdentifier>{40968059-079d-4425-a74a-1acc8a306635}</UniqueIdentifier></Filter><Filter Include="src/lua/socket"><UniqueIdentifier>{c6d47f7b-c164-45fc-a778-329d1ff6526d}</UniqueIdentifier></Filter><Filter Include="src/simulation/simtools"><UniqueIdentifier>{41a614bc-1711-4c91-844f-0e42a96ee6d0}</UniqueIdentifier></Filter><Filter Include="src/gui/profile"><UniqueIdentifier>{6c408f40-82e9-43fe-9fa5-0381b4dc9bec}</UniqueIdentifier></Filter><Filter Include="src/client/http"><UniqueIdentifier>{4b488a09-03e3-4c00-b2c4-64715804a166}</UniqueIdentifier></Filter><Filter Include="src/gui/elementsearch"><UniqueIdentifier>{eee55f36-2543-4595-80a7-dce986b7f496}</UniqueIdentifier></Filter><Filter Include="src/gui/game"><UniqueIdentifier>{93e876bc-d214-4172-acd0-85f9ade7c664}</UniqueIdentifier></Filter><Filter Include="src/gui/login"><UniqueIdentifier>{46e13684-5a8f-44f7-9f75-09853faf20cd}</UniqueIdentifier></Filter><Filter Include="src/gui/tags"><UniqueIdentifier>{e7c4bfd0-390e-4e74-8575-057c9ecfecd9}</UniqueIdentifier></Filter><Filter Include="src/powdertoyjava"><UniqueIdentifier>{54e6c889-f81d-49ce-a4d8-ec9656f7c534}</UniqueIdentifier></Filter><Filter Include="src/bson"><UniqueIdentifier>{91fa7ca4-ef79-4896-9ffb-51a75f536c07}</UniqueIdentifier></Filter><Filter Include="src/lua"><UniqueIdentifier>{7584b145-a178-446e-bb1d-c0c8a158bc8f}</UniqueIdentifier></Filter><Filter Include="src/gui/font"><UniqueIdentifier>{35687288-e1ae-472e-954e-ea46a8866c38}</UniqueIdentifier></Filter><Filter Include="src/debug"><UniqueIdentifier>{fc54a27b-d3e8-40e2-8e25-2bef97849b47}</UniqueIdentifier></Filter><Filter Include="src"><UniqueIdentifier>{21a19a73-b309-42a3-afae-661083c00bba}</UniqueIdentifier></Filter><Filter Include="src/gui/options"><UniqueIdentifier>{bf0eab43-3aca-400a-904f-53fe7290b2cb}</UniqueIdentifier></Filter><Filter Include="src/gui/render"><UniqueIdentifier>{cca4d0ab-4c0b-4eba-bfcf-6a7190890e6a}</UniqueIdentifier></Filter><Filter Include="src/gui/search"><UniqueIdentifier>{bc6fc252-4b14-46d2-8a99-cfa90038d48a}</UniqueIdentifier></Filter><Filter Include="src/gui/update"><UniqueIdentifier>{091eaa73-7712-4770-88eb-c9df8e84a653}</UniqueIdentifier></Filter><Filter Include="src/gui/interface"><UniqueIdentifier>{fb032bea-08c4-43dc-bf76-0893cf1e0021}</UniqueIdentifier></Filter><Filter Include="src/gui"><UniqueIdentifier>{90550824-a3b0-479b-9fd8-7e62eff0f204}</UniqueIdentifier></Filter><Filter Include="src/client"><UniqueIdentifier>{2604979c-963d-4892-b702-cd869cf25bc5}</UniqueIdentifier></Filter><Filter Include="src/resampler"><UniqueIdentifier>{c19748ed-43ab-47e1-8a70-1651d0bd4819}</UniqueIdentifier></Filter><Filter Include="src/lua/luascripts"><UniqueIdentifier>{e4a6825f-e2ef-4136-b9fb-53262c414d39}</UniqueIdentifier></Filter><Filter Include="src/gui/localbrowser"><UniqueIdentifier>{394c511f-b75c-462a-992b-fbaab041a9bb}</UniqueIdentifier></Filter><Filter Include="src/gui/console"><UniqueIdentifier>{37c6e49a-c2b0-440d-9d7b-bf9260baae4c}</UniqueIdentifier></Filter><Filter Include="src/gui/preview"><UniqueIdentifier>{649fc46a-1967-47ea-8a6f-ec08aff525c4}</UniqueIdentifier></Filter><Filter Include="src/gui/filebrowser"><UniqueIdentifier>{084fe096-be3d-4a3a-b134-2ffec0125d53}</UniqueIdentifier></Filter>
  </ItemGroup>
  <ItemGroup>
    <ClCompile Include="generated\ElementClasses.cpp">
      <Filter>generated</Filter>
    </ClCompile>
    <ClCompile Include="generated\ToolClasses.cpp">
      <Filter>generated</Filter>
    </ClCompile>
<ClCompile Include="src/SDLCompat.cpp"><Filter>src</Filter></ClCompile><ClCompile Include="src/Misc.cpp"><Filter>src</Filter></ClCompile><ClCompile Include="src/Format.cpp"><Filter>src</Filter></ClCompile><ClCompile Include="src/PowderToySDL.cpp"><Filter>src</Filter></ClCompile><ClCompile Include="src/PowderToyRenderer.cpp"><Filter>src</Filter></ClCompile><ClCompile Include="src/Update.cpp"><Filter>src</Filter></ClCompile><ClCompile Include="src/Probability.cpp"><Filter>src</Filter></ClCompile><ClCompile Include="src/Platform.cpp"><Filter>src</Filter></ClCompile><ClCompile Include="src/graphics/RasterGraphics.cpp"><Filter>src/graphics</Filter></ClCompile><ClCompile Include="src/graphics/Renderer.cpp"><Filter>src/graphics</Filter></ClCompile><ClCompile Include="src/graphics/OpenGLGraphics.cpp"><Filter>src/graphics</Filter></ClCompile><ClCompile Include="src/graphics/Graphics.cpp"><Filter>src/graphics</Filter></ClCompile><ClCompile Include="src/json/jsoncpp.cpp"><Filter>src/json</Filter></ClCompile><ClCompile Include="src/gui/Style.cpp"><Filter>src/gui</Filter></ClCompile><ClCompile Include="src/gui/update/UpdateActivity.cpp"><Filter>src/gui/update</Filter></ClCompile><ClCompile Include="src/gui/game/GameModel.cpp"><Filter>src/gui/game</Filter></ClCompile><ClCompile Include="src/gui/game/BitmapBrush.cpp"><Filter>src/gui/game</Filter></ClCompile><ClCompile Include="src/gui/game/Tool.cpp"><Filter>src/gui/game</Filter></ClCompile><ClCompile Include="src/gui/game/GameView.cpp"><Filter>src/gui/game</Filter></ClCompile><ClCompile Include="src/gui/game/Menu.cpp"><Filter>src/gui/game</Filter></ClCompile><ClCompile Include="src/gui/game/SampleTool.cpp"><Filter>src/gui/game</Filter></ClCompile><ClCompile Include="src/gui/game/DecorationTool.cpp"><Filter>src/gui/game</Filter></ClCompile><ClCompile Include="src/gui/game/PropertyTool.cpp"><Filter>src/gui/game</Filter></ClCompile><ClCompile Include="src/gui/game/QuickOptions.cpp"><Filter>src/gui/game</Filter></ClCompile><ClCompile Include="src/gui/game/ToolButton.cpp"><Filter>src/gui/game</Filter></ClCompile><ClCompile Include="src/gui/game/Brush.cpp"><Filter>src/gui/game</Filter></ClCompile><ClCompile Include="src/gui/game/GameController.cpp"><Filter>src/gui/game</Filter></ClCompile><ClCompile Include="src/gui/game/SignTool.cpp"><Filter>src/gui/game</Filter></ClCompile><ClCompile Include="src/gui/game/Favorite.cpp"><Filter>src/gui/game</Filter></ClCompile><ClCompile Include="src/gui/save/ServerSaveActivity.cpp"><Filter>src/gui/save</Filter></ClCompile><ClCompile Include="src/gui/save/LocalSaveActivity.cpp"><Filter>src/gui/save</Filter></ClCompile><ClCompile Include="src/gui/console/ConsoleModel.cpp"><Filter>src/gui/console</Filter></ClCompile><ClCompile Include="src/gui/console/ConsoleView.cpp"><Filter>src/gui/console</Filter></ClCompile><ClCompile Include="src/gui/console/ConsoleController.cpp"><Filter>src/gui/console</Filter></ClCompile><ClCompile Include="src/gui/search/SearchView.cpp"><Filter>src/gui/search</Filter></ClCompile><ClCompile Include="src/gui/search/SearchModel.cpp"><Filter>src/gui/search</Filter></ClCompile><ClCompile Include="src/gui/search/SearchController.cpp"><Filter>src/gui/search</Filter></ClCompile><ClCompile Include="src/gui/elementsearch/ElementSearchActivity.cpp"><Filter>src/gui/elementsearch</Filter></ClCompile><ClCompile Include="src/gui/options/OptionsModel.cpp"><Filter>src/gui/options</Filter></ClCompile><ClCompile Include="src/gui/options/OptionsView.cpp"><Filter>src/gui/options</Filter></ClCompile><ClCompile Include="src/gui/options/OptionsController.cpp"><Filter>src/gui/options</Filter></ClCompile><ClCompile Include="src/gui/font/FontEditor.cpp"><Filter>src/gui/font</Filter></ClCompile><ClCompile Include="src/gui/login/LoginModel.cpp"><Filter>src/gui/login</Filter></ClCompile><ClCompile Include="src/gui/login/LoginView.cpp"><Filter>src/gui/login</Filter></ClCompile><ClCompile Include="src/gui/login/LoginController.cpp"><Filter>src/gui/login</Filter></ClCompile><ClCompile Include="src/gui/preview/PreviewView.cpp"><Filter>src/gui/preview</Filter></ClCompile><ClCompile Include="src/gui/preview/PreviewController.cpp"><Filter>src/gui/preview</Filter></ClCompile><ClCompile Include="src/gui/preview/PreviewModel.cpp"><Filter>src/gui/preview</Filter></ClCompile><ClCompile Include="src/gui/render/RenderView.cpp"><Filter>src/gui/render</Filter></ClCompile><ClCompile Include="src/gui/render/RenderController.cpp"><Filter>src/gui/render</Filter></ClCompile><ClCompile Include="src/gui/render/RenderModel.cpp"><Filter>src/gui/render</Filter></ClCompile><ClCompile Include="src/gui/profile/ProfileActivity.cpp"><Filter>src/gui/profile</Filter></ClCompile><ClCompile Include="src/gui/dialogues/SaveIDMessage.cpp"><Filter>src/gui/dialogues</Filter></ClCompile><ClCompile Include="src/gui/dialogues/InformationMessage.cpp"><Filter>src/gui/dialogues</Filter></ClCompile><ClCompile Include="src/gui/dialogues/TextPrompt.cpp"><Filter>src/gui/dialogues</Filter></ClCompile><ClCompile Include="src/gui/dialogues/ErrorMessage.cpp"><Filter>src/gui/dialogues</Filter></ClCompile><ClCompile Include="src/gui/dialogues/ConfirmPrompt.cpp"><Filter>src/gui/dialogues</Filter></ClCompile><ClCompile Include="src/gui/interface/Window.cpp"><Filter>src/gui/interface</Filter></ClCompile><ClCompile Include="src/gui/interface/ProgressBar.cpp"><Filter>src/gui/interface</Filter></ClCompile><ClCompile Include="src/gui/interface/Textbox.cpp"><Filter>src/gui/interface</Filter></ClCompile><ClCompile Include="src/gui/interface/Spinner.cpp"><Filter>src/gui/interface</Filter></ClCompile><ClCompile Include="src/gui/interface/Checkbox.cpp"><Filter>src/gui/interface</Filter></ClCompile><ClCompile Include="src/gui/interface/Panel.cpp"><Filter>src/gui/interface</Filter></ClCompile><ClCompile Include="src/gui/interface/Button.cpp"><Filter>src/gui/interface</Filter></ClCompile><ClCompile Include="src/gui/interface/Label.cpp"><Filter>src/gui/interface</Filter></ClCompile><ClCompile Include="src/gui/interface/RichLabel.cpp"><Filter>src/gui/interface</Filter></ClCompile><ClCompile Include="src/gui/interface/ScrollPanel.cpp"><Filter>src/gui/interface</Filter></ClCompile><ClCompile Include="src/gui/interface/AvatarButton.cpp"><Filter>src/gui/interface</Filter></ClCompile><ClCompile Include="src/gui/interface/TextWrapper.cpp"><Filter>src/gui/interface</Filter></ClCompile><ClCompile Include="src/gui/interface/ContextMenu.cpp"><Filter>src/gui/interface</Filter></ClCompile><ClCompile Include="src/gui/interface/DropDown.cpp"><Filter>src/gui/interface</Filter></ClCompile><ClCompile Include="src/gui/interface/Appearance.cpp"><Filter>src/gui/interface</Filter></ClCompile><ClCompile Include="src/gui/interface/SaveButton.cpp"><Filter>src/gui/interface</Filter></ClCompile><ClCompile Include="src/gui/interface/Engine.cpp"><Filter>src/gui/interface</Filter></ClCompile><ClCompile Include="src/gui/interface/Component.cpp"><Filter>src/gui/interface</Filter></ClCompile><ClCompile Include="src/gui/interface/CopyTextButton.cpp"><Filter>src/gui/interface</Filter></ClCompile><ClCompile Include="src/gui/interface/Slider.cpp"><Filter>src/gui/interface</Filter></ClCompile><ClCompile Include="src/gui/tags/TagsModel.cpp"><Filter>src/gui/tags</Filter></ClCompile><ClCompile Include="src/gui/tags/TagsController.cpp"><Filter>src/gui/tags</Filter></ClCompile><ClCompile Include="src/gui/tags/TagsView.cpp"><Filter>src/gui/tags</Filter></ClCompile><ClCompile Include="src/gui/filebrowser/FileBrowserActivity.cpp"><Filter>src/gui/filebrowser</Filter></ClCompile><ClCompile Include="src/gui/colourpicker/ColourPickerActivity.cpp"><Filter>src/gui/colourpicker</Filter></ClCompile><ClCompile Include="src/gui/localbrowser/LocalBrowserModel.cpp"><Filter>src/gui/localbrowser</Filter></ClCompile><ClCompile Include="src/gui/localbrowser/LocalBrowserView.cpp"><Filter>src/gui/localbrowser</Filter></ClCompile><ClCompile Include="src/gui/localbrowser/LocalBrowserController.cpp"><Filter>src/gui/localbrowser</Filter></ClCompile><ClCompile Include="src/client/GameSave.cpp"><Filter>src/client</Filter></ClCompile><ClCompile Include="src/client/ThumbnailRendererTask.cpp"><Filter>src/client</Filter></ClCompile><ClCompile Include="src/client/Client.cpp"><Filter>src/client</Filter></ClCompile><ClCompile Include="src/client/MD5.cpp"><Filter>src/client</Filter></ClCompile><ClCompile Include="src/client/SaveFile.cpp"><Filter>src/client</Filter></ClCompile><ClCompile Include="src/client/SaveInfo.cpp"><Filter>src/client</Filter></ClCompile><ClCompile Include="src/client/http/RequestManager.cpp"><Filter>src/client/http</Filter></ClCompile><ClCompile Include="src/client/http/Request.cpp"><Filter>src/client/http</Filter></ClCompile><ClCompile Include="src/client/http/GetUserInfoRequest.cpp"><Filter>src/client/http</Filter></ClCompile><ClCompile Include="src/client/http/AvatarRequest.cpp"><Filter>src/client/http</Filter></ClCompile><ClCompile Include="src/client/http/ThumbnailRequest.cpp"><Filter>src/client/http</Filter></ClCompile><ClCompile Include="src/client/http/APIRequest.cpp"><Filter>src/client/http</Filter></ClCompile><ClCompile Include="src/client/http/ImageRequest.cpp"><Filter>src/client/http</Filter></ClCompile><ClCompile Include="src/client/http/SaveUserInfoRequest.cpp"><Filter>src/client/http</Filter></ClCompile><ClCompile Include="src/lua/LegacyLuaAPI.cpp"><Filter>src/lua</Filter></ClCompile><ClCompile Include="src/lua/TPTSTypes.cpp"><Filter>src/lua</Filter></ClCompile><ClCompile Include="src/lua/LuaScriptInterface.cpp"><Filter>src/lua</Filter></ClCompile><ClCompile Include="src/lua/LuaSlider.cpp"><Filter>src/lua</Filter></ClCompile><ClCompile Include="src/lua/LuaEvents.cpp"><Filter>src/lua</Filter></ClCompile><ClCompile Include="src/lua/LuaComponent.cpp"><Filter>src/lua</Filter></ClCompile><ClCompile Include="src/lua/LuaButton.cpp"><Filter>src/lua</Filter></ClCompile><ClCompile Include="src/lua/LuaProgressBar.cpp"><Filter>src/lua</Filter></ClCompile><ClCompile Include="src/lua/LuaTextbox.cpp"><Filter>src/lua</Filter></ClCompile><ClCompile Include="src/lua/LuaLabel.cpp"><Filter>src/lua</Filter></ClCompile><ClCompile Include="src/lua/LuaBit.cpp"><Filter>src/lua</Filter></ClCompile><ClCompile Include="src/lua/LuaCheckbox.cpp"><Filter>src/lua</Filter></ClCompile><ClCompile Include="src/lua/LuaCompat.c"><Filter>src/lua</Filter></ClCompile><ClCompile Include="src/lua/LuaSmartRef.cpp"><Filter>src/lua</Filter></ClCompile><ClCompile Include="src/lua/LuaWindow.cpp"><Filter>src/lua</Filter></ClCompile><ClCompile Include="src/lua/TPTScriptInterface.cpp"><Filter>src/lua</Filter></ClCompile><ClCompile Include="src/lua/CommandInterface.cpp"><Filter>src/lua</Filter></ClCompile><ClCompile Include="src/lua/luascripts/eventcompat.lua.cpp"><Filter>src/lua/luascripts</Filter></ClCompile><ClCompile Include="src/lua/socket/except.c"><Filter>src/lua/socket</Filter></ClCompile><ClCompile Include="src/lua/socket/buffer.c"><Filter>src/lua/socket</Filter></ClCompile><ClCompile Include="src/lua/socket/socket.lua.cpp"><Filter>src/lua/socket</Filter></ClCompile><ClCompile Include="src/lua/socket/udp.c"><Filter>src/lua/socket</Filter></ClCompile><ClCompile Include="src/lua/socket/unix.c"><Filter>src/lua/socket</Filter></ClCompile><ClCompile Include="src/lua/socket/auxiliar.c"><Filter>src/lua/socket</Filter></ClCompile><ClCompile Include="src/lua/socket/options.c"><Filter>src/lua/socket</Filter></ClCompile><ClCompile Include="src/lua/socket/inet.c"><Filter>src/lua/socket</Filter></ClCompile><ClCompile Include="src/lua/socket/wsocket.c"><Filter>src/lua/socket</Filter></ClCompile><ClCompile Include="src/lua/socket/luasocket.c"><Filter>src/lua/socket</Filter></ClCompile><ClCompile Include="src/lua/socket/select.c"><Filter>src/lua/socket</Filter></ClCompile><ClCompile Include="src/lua/socket/timeout.c"><Filter>src/lua/socket</Filter></ClCompile><ClCompile Include="src/lua/socket/usocket.c"><Filter>src/lua/socket</Filter></ClCompile><ClCompile Include="src/lua/socket/io.c"><Filter>src/lua/socket</Filter></ClCompile><ClCompile Include="src/lua/socket/tcp.c"><Filter>src/lua/socket</Filter></ClCompile><ClCompile Include="src/tasks/Task.cpp"><Filter>src/tasks</Filter></ClCompile><ClCompile Include="src/tasks/AbandonableTask.cpp"><Filter>src/tasks</Filter></ClCompile><ClCompile Include="src/tasks/TaskWindow.cpp"><Filter>src/tasks</Filter></ClCompile><ClCompile Include="src/bson/BSON.cpp"><Filter>src/bson</Filter></ClCompile><ClCompile Include="src/debug/DebugLines.cpp"><Filter>src/debug</Filter></ClCompile><ClCompile Include="src/debug/ParticleDebug.cpp"><Filter>src/debug</Filter></ClCompile><ClCompile Include="src/debug/ElementPopulation.cpp"><Filter>src/debug</Filter></ClCompile><ClCompile Include="src/debug/DebugParts.cpp"><Filter>src/debug</Filter></ClCompile><ClCompile Include="src/common/String.cpp"><Filter>src/common</Filter></ClCompile><ClCompile Include="src/common/tpt-rand.cpp"><Filter>src/common</Filter></ClCompile><ClCompile Include="src/powdertoyjava/OpenGLCanvasWin32.cpp"><Filter>src/powdertoyjava</Filter></ClCompile><ClCompile Include="src/powdertoyjava/PowderToyJava.cpp"><Filter>src/powdertoyjava</Filter></ClCompile><ClCompile Include="src/resampler/resampler.cpp"><Filter>src/resampler</Filter></ClCompile><ClCompile Include="src/simulation/Sign.cpp"><Filter>src/simulation</Filter></ClCompile><ClCompile Include="src/simulation/Air.cpp"><Filter>src/simulation</Filter></ClCompile><ClCompile Include="src/simulation/Particle.cpp"><Filter>src/simulation</Filter></ClCompile><ClCompile Include="src/simulation/SimulationData.cpp"><Filter>src/simulation</Filter></ClCompile><ClCompile Include="src/simulation/Gravity.cpp"><Filter>src/simulation</Filter></ClCompile><ClCompile Include="src/simulation/Simulation.cpp"><Filter>src/simulation</Filter></ClCompile><ClCompile Include="src/simulation/SaveRenderer.cpp"><Filter>src/simulation</Filter></ClCompile><ClCompile Include="src/simulation/simtools/Cool.cpp"><Filter>src/simulation/simtools</Filter></ClCompile><ClCompile Include="src/simulation/simtools/AirTool.cpp"><Filter>src/simulation/simtools</Filter></ClCompile><ClCompile Include="src/simulation/simtools/SimTool.cpp"><Filter>src/simulation/simtools</Filter></ClCompile><ClCompile Include="src/simulation/simtools/Mix.cpp"><Filter>src/simulation/simtools</Filter></ClCompile><ClCompile Include="src/simulation/simtools/Vac.cpp"><Filter>src/simulation/simtools</Filter></ClCompile><ClCompile Include="src/simulation/simtools/PGrv.cpp"><Filter>src/simulation/simtools</Filter></ClCompile><ClCompile Include="src/simulation/simtools/NGrv.cpp"><Filter>src/simulation/simtools</Filter></ClCompile><ClCompile Include="src/simulation/simtools/Cyclone.cpp"><Filter>src/simulation/simtools</Filter></ClCompile><ClCompile Include="src/simulation/simtools/Heat.cpp"><Filter>src/simulation/simtools</Filter></ClCompile><ClCompile Include="src/simulation/elements/BVBR.cpp"><Filter>src/simulation/elements</Filter></ClCompile><ClCompile Include="src/simulation/elements/SWCH.cpp"><Filter>src/simulation/elements</Filter></ClCompile><ClCompile Include="src/simulation/elements/OIL.cpp"><Filter>src/simulation/elements</Filter></ClCompile><ClCompile Include="src/simulation/elements/INWR.cpp"><Filter>src/simulation/elements</Filter></ClCompile><ClCompile Include="src/simulation/elements/FOG.cpp"><Filter>src/simulation/elements</Filter></ClCompile><ClCompile Include="src/simulation/elements/SPNG.cpp"><Filter>src/simulation/elements</Filter></ClCompile><ClCompile Include="src/simulation/elements/LNTG.cpp"><Filter>src/simulation/elements</Filter></ClCompile><ClCompile Include="src/simulation/elements/PVOD.cpp"><Filter>src/simulation/elements</Filter></ClCompile><ClCompile Include="src/simulation/elements/116.cpp"><Filter>src/simulation/elements</Filter></ClCompile><ClCompile Include="src/simulation/elements/LRBD.cpp"><Filter>src/simulation/elements</Filter></ClCompile><ClCompile Include="src/simulation/elements/WTRV.cpp"><Filter>src/simulation/elements</Filter></ClCompile><ClCompile Include="src/simulation/elements/ARAY.cpp"><Filter>src/simulation/elements</Filter></ClCompile><ClCompile Include="src/simulation/elements/NICE.cpp"><Filter>src/simulation/elements</Filter></ClCompile><ClCompile Include="src/simulation/elements/DYST.cpp"><Filter>src/simulation/elements</Filter></ClCompile><ClCompile Include="src/simulation/elements/ACEL.cpp"><Filter>src/simulation/elements</Filter></ClCompile><ClCompile Include="src/simulation/elements/DUST.cpp"><Filter>src/simulation/elements</Filter></ClCompile><ClCompile Include="src/simulation/elements/PLUT.cpp"><Filter>src/simulation/elements</Filter></ClCompile><ClCompile Include="src/simulation/elements/VRSG.cpp"><Filter>src/simulation/elements</Filter></ClCompile><ClCompile Include="src/simulation/elements/SHLD2.cpp"><Filter>src/simulation/elements</Filter></ClCompile><ClCompile Include="src/simulation/elements/ISZS.cpp"><Filter>src/simulation/elements</Filter></ClCompile><ClCompile Include="src/simulation/elements/LIFE.cpp"><Filter>src/simulation/elements</Filter></ClCompile><ClCompile Include="src/simulation/elements/FIRW.cpp"><Filter>src/simulation/elements</Filter></ClCompile><ClCompile Include="src/simulation/elements/FRZW.cpp"><Filter>src/simulation/elements</Filter></ClCompile><ClCompile Include="src/simulation/elements/TTAN.cpp"><Filter>src/simulation/elements</Filter></ClCompile><ClCompile Include="src/simulation/elements/WIRE.cpp"><Filter>src/simulation/elements</Filter></ClCompile><ClCompile Include="src/simulation/elements/Element.cpp"><Filter>src/simulation/elements</Filter></ClCompile><ClCompile Include="src/simulation/elements/BOMB.cpp"><Filter>src/simulation/elements</Filter></ClCompile><ClCompile Include="src/simulation/elements/TSNS.cpp"><Filter>src/simulation/elements</Filter></ClCompile><ClCompile Include="src/simulation/elements/LDTC.cpp"><Filter>src/simulation/elements</Filter></ClCompile><ClCompile Include="src/simulation/elements/SAND.cpp"><Filter>src/simulation/elements</Filter></ClCompile><ClCompile Include="src/simulation/elements/NONE.cpp"><Filter>src/simulation/elements</Filter></ClCompile><ClCompile Include="src/simulation/elements/PRTO.cpp"><Filter>src/simulation/elements</Filter></ClCompile><ClCompile Include="src/simulation/elements/SOAP.cpp"><Filter>src/simulation/elements</Filter></ClCompile><ClCompile Include="src/simulation/elements/INST.cpp"><Filter>src/simulation/elements</Filter></ClCompile><ClCompile Include="src/simulation/elements/FIGH.cpp"><Filter>src/simulation/elements</Filter></ClCompile><ClCompile Include="src/simulation/elements/GLAS.cpp"><Filter>src/simulation/elements</Filter></ClCompile><ClCompile Include="src/simulation/elements/SMKE.cpp"><Filter>src/simulation/elements</Filter></ClCompile><ClCompile Include="src/simulation/elements/RIME.cpp"><Filter>src/simulation/elements</Filter></ClCompile><ClCompile Include="src/simulation/elements/SHLD4.cpp"><Filter>src/simulation/elements</Filter></ClCompile><ClCompile Include="src/simulation/elements/GLOW.cpp"><Filter>src/simulation/elements</Filter></ClCompile><ClCompile Include="src/simulation/elements/PLEX.cpp"><Filter>src/simulation/elements</Filter></ClCompile><ClCompile Include="src/simulation/elements/SPAWN2.cpp"><Filter>src/simulation/elements</Filter></ClCompile><ClCompile Include="src/simulation/elements/LAVA.cpp"><Filter>src/simulation/elements</Filter></ClCompile><ClCompile Include="src/simulation/elements/DEUT.cpp"><Filter>src/simulation/elements</Filter></ClCompile><ClCompile Include="src/simulation/elements/ACID.cpp"><Filter>src/simulation/elements</Filter></ClCompile><ClCompile Include="src/simulation/elements/ISOZ.cpp"><Filter>src/simulation/elements</Filter></ClCompile><ClCompile Include="src/simulation/elements/POLO.cpp"><Filter>src/simulation/elements</Filter></ClCompile><ClCompile Include="src/simulation/elements/C5.cpp"><Filter>src/simulation/elements</Filter></ClCompile><ClCompile Include="src/simulation/elements/SHLD1.cpp"><Filter>src/simulation/elements</Filter></ClCompile><ClCompile Include="src/simulation/elements/TUNG.cpp"><Filter>src/simulation/elements</Filter></ClCompile><ClCompile Include="src/simulation/elements/GUNP.cpp"><Filter>src/simulation/elements</Filter></ClCompile><ClCompile Include="src/simulation/elements/PIPE.cpp"><Filter>src/simulation/elements</Filter></ClCompile><ClCompile Include="src/simulation/elements/SPAWN.cpp"><Filter>src/simulation/elements</Filter></ClCompile><ClCompile Include="src/simulation/elements/COAL.cpp"><Filter>src/simulation/elements</Filter></ClCompile><ClCompile Include="src/simulation/elements/NBHL.cpp"><Filter>src/simulation/elements</Filter></ClCompile><ClCompile Include="src/simulation/elements/IGNT.cpp"><Filter>src/simulation/elements</Filter></ClCompile><ClCompile Include="src/simulation/elements/PSTN.cpp"><Filter>src/simulation/elements</Filter></ClCompile><ClCompile Include="src/simulation/elements/BRCK.cpp"><Filter>src/simulation/elements</Filter></ClCompile><ClCompile Include="src/simulation/elements/PRTI.cpp"><Filter>src/simulation/elements</Filter></ClCompile><ClCompile Include="src/simulation/elements/BIZRS.cpp"><Filter>src/simulation/elements</Filter></ClCompile><ClCompile Include="src/simulation/elements/PUMP.cpp"><Filter>src/simulation/elements</Filter></ClCompile><ClCompile Include="src/simulation/elements/CONV.cpp"><Filter>src/simulation/elements</Filter></ClCompile><ClCompile Include="src/simulation/elements/O2.cpp"><Filter>src/simulation/elements</Filter></ClCompile><ClCompile Include="src/simulation/elements/FIRE.cpp"><Filter>src/simulation/elements</Filter></ClCompile><ClCompile Include="src/simulation/elements/THDR.cpp"><Filter>src/simulation/elements</Filter></ClCompile><ClCompile Include="src/simulation/elements/CNCT.cpp"><Filter>src/simulation/elements</Filter></ClCompile><ClCompile Include="src/simulation/elements/SALT.cpp"><Filter>src/simulation/elements</Filter></ClCompile><ClCompile Include="src/simulation/elements/WHOL.cpp"><Filter>src/simulation/elements</Filter></ClCompile><ClCompile Include="src/simulation/elements/ETRD.cpp"><Filter>src/simulation/elements</Filter></ClCompile><ClCompile Include="src/simulation/elements/LCRY.cpp"><Filter>src/simulation/elements</Filter></ClCompile><ClCompile Include="src/simulation/elements/SLTW.cpp"><Filter>src/simulation/elements</Filter></ClCompile><ClCompile Include="src/simulation/elements/PQRT.cpp"><Filter>src/simulation/elements</Filter></ClCompile><ClCompile Include="src/simulation/elements/MORT.cpp"><Filter>src/simulation/elements</Filter></ClCompile><ClCompile Include="src/simulation/elements/MWAX.cpp"><Filter>src/simulation/elements</Filter></ClCompile><ClCompile Include="src/simulation/elements/PPIP.cpp"><Filter>src/simulation/elements</Filter></ClCompile><ClCompile Include="src/simulation/elements/WIFI.cpp"><Filter>src/simulation/elements</Filter></ClCompile><ClCompile Include="src/simulation/elements/ANAR.cpp"><Filter>src/simulation/elements</Filter></ClCompile><ClCompile Include="src/simulation/elements/URAN.cpp"><Filter>src/simulation/elements</Filter></ClCompile><ClCompile Include="src/simulation/elements/PSNS.cpp"><Filter>src/simulation/elements</Filter></ClCompile><ClCompile Include="src/simulation/elements/CLST.cpp"><Filter>src/simulation/elements</Filter></ClCompile><ClCompile Include="src/simulation/elements/DRIC.cpp"><Filter>src/simulation/elements</Filter></ClCompile><ClCompile Include="src/simulation/elements/SNOW.cpp"><Filter>src/simulation/elements</Filter></ClCompile><ClCompile Include="src/simulation/elements/RFRG.cpp"><Filter>src/simulation/elements</Filter></ClCompile><ClCompile Include="src/simulation/elements/VOID.cpp"><Filter>src/simulation/elements</Filter></ClCompile><ClCompile Include="src/simulation/elements/PHOT.cpp"><Filter>src/simulation/elements</Filter></ClCompile><ClCompile Include="src/simulation/elements/NTCT.cpp"><Filter>src/simulation/elements</Filter></ClCompile><ClCompile Include="src/simulation/elements/GBMB.cpp"><Filter>src/simulation/elements</Filter></ClCompile><ClCompile Include="src/simulation/elements/PTCT.cpp"><Filter>src/simulation/elements</Filter></ClCompile><ClCompile Include="src/simulation/elements/TRON.cpp"><Filter>src/simulation/elements</Filter></ClCompile><ClCompile Include="src/simulation/elements/PSTS.cpp"><Filter>src/simulation/elements</Filter></ClCompile><ClCompile Include="src/simulation/elements/SHLD3.cpp"><Filter>src/simulation/elements</Filter></ClCompile><ClCompile Include="src/simulation/elements/LSNS.cpp"><Filter>src/simulation/elements</Filter></ClCompile><ClCompile Include="src/simulation/elements/FRME.cpp"><Filter>src/simulation/elements</Filter></ClCompile><ClCompile Include="src/simulation/elements/BRMT.cpp"><Filter>src/simulation/elements</Filter></ClCompile><ClCompile Include="src/simulation/elements/CAUS.cpp"><Filter>src/simulation/elements</Filter></ClCompile><ClCompile Include="src/simulation/elements/FILT.cpp"><Filter>src/simulation/elements</Filter></ClCompile><ClCompile Include="src/simulation/elements/STOR.cpp"><Filter>src/simulation/elements</Filter></ClCompile><ClCompile Include="src/simulation/elements/IRON.cpp"><Filter>src/simulation/elements</Filter></ClCompile><ClCompile Include="src/simulation/elements/BIZR.cpp"><Filter>src/simulation/elements</Filter></ClCompile><ClCompile Include="src/simulation/elements/SPRK.cpp"><Filter>src/simulation/elements</Filter></ClCompile><ClCompile Include="src/simulation/elements/BTRY.cpp"><Filter>src/simulation/elements</Filter></ClCompile><ClCompile Include="src/simulation/elements/FUSE.cpp"><Filter>src/simulation/elements</Filter></ClCompile><ClCompile Include="src/simulation/elements/AMTR.cpp"><Filter>src/simulation/elements</Filter></ClCompile><ClCompile Include="src/simulation/elements/SAWD.cpp"><Filter>src/simulation/elements</Filter></ClCompile><ClCompile Include="src/simulation/elements/DLAY.cpp"><Filter>src/simulation/elements</Filter></ClCompile><ClCompile Include="src/simulation/elements/METL.cpp"><Filter>src/simulation/elements</Filter></ClCompile><ClCompile Include="src/simulation/elements/ELEC.cpp"><Filter>src/simulation/elements</Filter></ClCompile><ClCompile Include="src/simulation/elements/PROT.cpp"><Filter>src/simulation/elements</Filter></ClCompile><ClCompile Include="src/simulation/elements/QRTZ.cpp"><Filter>src/simulation/elements</Filter></ClCompile><ClCompile Include="src/simulation/elements/CBNW.cpp"><Filter>src/simulation/elements</Filter></ClCompile><ClCompile Include="src/simulation/elements/WATR.cpp"><Filter>src/simulation/elements</Filter></ClCompile><ClCompile Include="src/simulation/elements/GOO.cpp"><Filter>src/simulation/elements</Filter></ClCompile><ClCompile Include="src/simulation/elements/DCEL.cpp"><Filter>src/simulation/elements</Filter></ClCompile><ClCompile Include="src/simulation/elements/BMTL.cpp"><Filter>src/simulation/elements</Filter></ClCompile><ClCompile Include="src/simulation/elements/DMND.cpp"><Filter>src/simulation/elements</Filter></ClCompile><ClCompile Include="src/simulation/elements/NBLE.cpp"><Filter>src/simulation/elements</Filter></ClCompile><ClCompile Include="src/simulation/elements/SING.cpp"><Filter>src/simulation/elements</Filter></ClCompile><ClCompile Include="src/simulation/elements/STKM.cpp"><Filter>src/simulation/elements</Filter></ClCompile><ClCompile Include="src/simulation/elements/BCLN.cpp"><Filter>src/simulation/elements</Filter></ClCompile><ClCompile Include="src/simulation/elements/HEAC.cpp"><Filter>src/simulation/elements</Filter></ClCompile><ClCompile Include="src/simulation/elements/ICEI.cpp"><Filter>src/simulation/elements</Filter></ClCompile><ClCompile Include="src/simulation/elements/EMBR.cpp"><Filter>src/simulation/elements</Filter></ClCompile><ClCompile Include="src/simulation/elements/PSTE.cpp"><Filter>src/simulation/elements</Filter></ClCompile><ClCompile Include="src/simulation/elements/GRAV.cpp"><Filter>src/simulation/elements</Filter></ClCompile><ClCompile Include="src/simulation/elements/LOLZ.cpp"><Filter>src/simulation/elements</Filter></ClCompile><ClCompile Include="src/simulation/elements/EXOT.cpp"><Filter>src/simulation/elements</Filter></ClCompile><ClCompile Include="src/simulation/elements/LO2.cpp"><Filter>src/simulation/elements</Filter></ClCompile><ClCompile Include="src/simulation/elements/146.cpp"><Filter>src/simulation/elements</Filter></ClCompile><ClCompile Include="src/simulation/elements/BOYL.cpp"><Filter>src/simulation/elements</Filter></ClCompile><ClCompile Include="src/simulation/elements/EMP.cpp"><Filter>src/simulation/elements</Filter></ClCompile><ClCompile Include="src/simulation/elements/DTEC.cpp"><Filter>src/simulation/elements</Filter></ClCompile><ClCompile Include="src/simulation/elements/HSWC.cpp"><Filter>src/simulation/elements</Filter></ClCompile><ClCompile Include="src/simulation/elements/WAX.cpp"><Filter>src/simulation/elements</Filter></ClCompile><ClCompile Include="src/simulation/elements/BREC.cpp"><Filter>src/simulation/elements</Filter></ClCompile><ClCompile Include="src/simulation/elements/WOOD.cpp"><Filter>src/simulation/elements</Filter></ClCompile><ClCompile Include="src/simulation/elements/DEST.cpp"><Filter>src/simulation/elements</Filter></ClCompile><ClCompile Include="src/simulation/elements/STKM2.cpp"><Filter>src/simulation/elements</Filter></ClCompile><ClCompile Include="src/simulation/elements/CO2.cpp"><Filter>src/simulation/elements</Filter></ClCompile><ClCompile Include="src/simulation/elements/GOLD.cpp"><Filter>src/simulation/elements</Filter></ClCompile><ClCompile Include="src/simulation/elements/CRMC.cpp"><Filter>src/simulation/elements</Filter></ClCompile><ClCompile Include="src/simulation/elements/BANG.cpp"><Filter>src/simulation/elements</Filter></ClCompile><ClCompile Include="src/simulation/elements/VIBR.cpp"><Filter>src/simulation/elements</Filter></ClCompile><ClCompile Include="src/simulation/elements/BCOL.cpp"><Filter>src/simulation/elements</Filter></ClCompile><ClCompile Include="src/simulation/elements/STNE.cpp"><Filter>src/simulation/elements</Filter></ClCompile><ClCompile Include="src/simulation/elements/BHOL.cpp"><Filter>src/simulation/elements</Filter></ClCompile><ClCompile Include="src/simulation/elements/BGLA.cpp"><Filter>src/simulation/elements</Filter></ClCompile><ClCompile Include="src/simulation/elements/NWHL.cpp"><Filter>src/simulation/elements</Filter></ClCompile><ClCompile Include="src/simulation/elements/TESC.cpp"><Filter>src/simulation/elements</Filter></ClCompile><ClCompile Include="src/simulation/elements/PLSM.cpp"><Filter>src/simulation/elements</Filter></ClCompile><ClCompile Include="src/simulation/elements/NSCN.cpp"><Filter>src/simulation/elements</Filter></ClCompile><ClCompile Include="src/simulation/elements/DMG.cpp"><Filter>src/simulation/elements</Filter></ClCompile><ClCompile Include="src/simulation/elements/MERC.cpp"><Filter>src/simulation/elements</Filter></ClCompile><ClCompile Include="src/simulation/elements/GEL.cpp"><Filter>src/simulation/elements</Filter></ClCompile><ClCompile Include="src/simulation/elements/INSL.cpp"><Filter>src/simulation/elements</Filter></ClCompile><ClCompile Include="src/simulation/elements/GPMP.cpp"><Filter>src/simulation/elements</Filter></ClCompile><ClCompile Include="src/simulation/elements/LIGH.cpp"><Filter>src/simulation/elements</Filter></ClCompile><ClCompile Include="src/simulation/elements/PBCN.cpp"><Filter>src/simulation/elements</Filter></ClCompile><ClCompile Include="src/simulation/elements/GAS.cpp"><Filter>src/simulation/elements</Filter></ClCompile><ClCompile Include="src/simulation/elements/VRSS.cpp"><Filter>src/simulation/elements</Filter></ClCompile><ClCompile Include="src/simulation/elements/THRM.cpp"><Filter>src/simulation/elements</Filter></ClCompile><ClCompile Include="src/simulation/elements/CLNE.cpp"><Filter>src/simulation/elements</Filter></ClCompile><ClCompile Include="src/simulation/elements/LOVE.cpp"><Filter>src/simulation/elements</Filter></ClCompile><ClCompile Include="src/simulation/elements/RBDM.cpp"><Filter>src/simulation/elements</Filter></ClCompile><ClCompile Include="src/simulation/elements/VIRS.cpp"><Filter>src/simulation/elements</Filter></ClCompile><ClCompile Include="src/simulation/elements/CRAY.cpp"><Filter>src/simulation/elements</Filter></ClCompile><ClCompile Include="src/simulation/elements/NITR.cpp"><Filter>src/simulation/elements</Filter></ClCompile><ClCompile Include="src/simulation/elements/FRZZ.cpp"><Filter>src/simulation/elements</Filter></ClCompile><ClCompile Include="src/simulation/elements/PLNT.cpp"><Filter>src/simulation/elements</Filter></ClCompile><ClCompile Include="src/simulation/elements/PCLN.cpp"><Filter>src/simulation/elements</Filter></ClCompile><ClCompile Include="src/simulation/elements/PSCN.cpp"><Filter>src/simulation/elements</Filter></ClCompile><ClCompile Include="src/simulation/elements/BIZRG.cpp"><Filter>src/simulation/elements</Filter></ClCompile><ClCompile Include="src/simulation/elements/FRAY.cpp"><Filter>src/simulation/elements</Filter></ClCompile><ClCompile Include="src/simulation/elements/H2.cpp"><Filter>src/simulation/elements</Filter></ClCompile><ClCompile Include="src/simulation/elements/DSTW.cpp"><Filter>src/simulation/elements</Filter></ClCompile><ClCompile Include="src/simulation/elements/DESL.cpp"><Filter>src/simulation/elements</Filter></ClCompile><ClCompile Include="src/simulation/elements/FWRK.cpp"><Filter>src/simulation/elements</Filter></ClCompile><ClCompile Include="src/simulation/elements/RPEL.cpp"><Filter>src/simulation/elements</Filter></ClCompile><ClCompile Include="src/simulation/elements/NEUT.cpp"><Filter>src/simulation/elements</Filter></ClCompile><ClCompile Include="src/simulation/elements/GRVT.cpp"><Filter>src/simulation/elements</Filter></ClCompile><ClCompile Include="src/simulation/elements/FSEP.cpp"><Filter>src/simulation/elements</Filter></ClCompile><ClCompile Include="src/simulation/elements/INVIS.cpp"><Filter>src/simulation/elements</Filter></ClCompile><ClCompile Include="src/simulation/elements/WARP.cpp"><Filter>src/simulation/elements</Filter></ClCompile><ClCompile Include="src/simulation/elements/VINE.cpp"><Filter>src/simulation/elements</Filter></ClCompile><ClCompile Include="src/simulation/elements/YEST.cpp"><Filter>src/simulation/elements</Filter></ClCompile><ClCompile Include="src/simulation/elements/CFLM.cpp"><Filter>src/simulation/elements</Filter></ClCompile><ClCompile Include="src/simulation/elements/BRAY.cpp"><Filter>src/simulation/elements</Filter></ClCompile><ClCompile Include="src/simulation/elements/DRAY.cpp"><Filter>src/simulation/elements</Filter></ClCompile><ClCompile Include="src/simulation/elements/RFGL.cpp"><Filter>src/simulation/elements</Filter></ClCompile>
  </ItemGroup>
  <ItemGroup>
    <ClInclude Include="generated\ElementClasses.h">
      <Filter>generated</Filter>
    </ClInclude>
    <ClInclude Include="generated\ToolClasses.h">
      <Filter>generated</Filter>
    </ClInclude>
    <ClInclude Include="src\simulation\elements\Element.h">
      <Filter>src\simulation</Filter>
    </ClInclude>
    <ClInclude Include="data\font.h">
      <Filter>data</Filter>
    </ClInclude>
    <ClInclude Include="data\hmap.h">
      <Filter>data</Filter>
    </ClInclude>
    <ClInclude Include="data\icon.h">
      <Filter>data</Filter>
    </ClInclude>
    <ClInclude Include="data\icondoc.h">
      <Filter>data</Filter>
    </ClInclude>
    <ClInclude Include="data\images.h">
      <Filter>data</Filter>
    </ClInclude>
    <ClInclude Include="data\IntroText.h">
      <Filter>data</Filter>
    </ClInclude>
    <ClInclude Include="data\Shaders.h">
      <Filter>data</Filter>
    </ClInclude>
<ClInclude Include="src/SDLCompat.h"><Filter>src</Filter></ClInclude><ClInclude Include="src/PowderToy.h"><Filter>src</Filter></ClInclude><ClInclude Include="src/Format.h"><Filter>src</Filter></ClInclude><ClInclude Include="src/Platform.h"><Filter>src</Filter></ClInclude><ClInclude Include="src/Update.h"><Filter>src</Filter></ClInclude><ClInclude Include="src/Config.h"><Filter>src</Filter></ClInclude><ClInclude Include="src/SDLMain.h"><Filter>src</Filter></ClInclude><ClInclude Include="src/Activity.h"><Filter>src</Filter></ClInclude><ClInclude Include="src/Probability.h"><Filter>src</Filter></ClInclude><ClInclude Include="src/Misc.h"><Filter>src</Filter></ClInclude><ClInclude Include="src/Controller.h"><Filter>src</Filter></ClInclude><ClInclude Include="src/graphics/OpenGLHeaders.h"><Filter>src/graphics</Filter></ClInclude><ClInclude Include="src/graphics/Pixel.h"><Filter>src/graphics</Filter></ClInclude><ClInclude Include="src/graphics/Renderer.h"><Filter>src/graphics</Filter></ClInclude><ClInclude Include="src/graphics/FontReader.h"><Filter>src/graphics</Filter></ClInclude><ClInclude Include="src/graphics/Icons.h"><Filter>src/graphics</Filter></ClInclude><ClInclude Include="src/graphics/Graphics.h"><Filter>src/graphics</Filter></ClInclude><ClInclude Include="src/json/json-forwards.h"><Filter>src/json</Filter></ClInclude><ClInclude Include="src/json/json.h"><Filter>src/json</Filter></ClInclude><ClInclude Include="src/gui/Style.h"><Filter>src/gui</Filter></ClInclude><ClInclude Include="src/gui/update/UpdateActivity.h"><Filter>src/gui/update</Filter></ClInclude><ClInclude Include="src/gui/game/GameModel.h"><Filter>src/gui/game</Filter></ClInclude><ClInclude Include="src/gui/game/BitmapBrush.h"><Filter>src/gui/game</Filter></ClInclude><ClInclude Include="src/gui/game/QuickOption.h"><Filter>src/gui/game</Filter></ClInclude><ClInclude Include="src/gui/game/GameController.h"><Filter>src/gui/game</Filter></ClInclude><ClInclude Include="src/gui/game/TriangleBrush.h"><Filter>src/gui/game</Filter></ClInclude><ClInclude Include="src/gui/game/RenderPreset.h"><Filter>src/gui/game</Filter></ClInclude><ClInclude Include="src/gui/game/EllipseBrush.h"><Filter>src/gui/game</Filter></ClInclude><ClInclude Include="src/gui/game/GameView.h"><Filter>src/gui/game</Filter></ClInclude><ClInclude Include="src/gui/game/Brush.h"><Filter>src/gui/game</Filter></ClInclude><ClInclude Include="src/gui/game/GameModelException.h"><Filter>src/gui/game</Filter></ClInclude><ClInclude Include="src/gui/game/Favorite.h"><Filter>src/gui/game</Filter></ClInclude><ClInclude Include="src/gui/game/QuickOptions.h"><Filter>src/gui/game</Filter></ClInclude><ClInclude Include="src/gui/game/DecorationTool.h"><Filter>src/gui/game</Filter></ClInclude><ClInclude Include="src/gui/game/ToolButton.h"><Filter>src/gui/game</Filter></ClInclude><ClInclude Include="src/gui/game/Notification.h"><Filter>src/gui/game</Filter></ClInclude><ClInclude Include="src/gui/game/Menu.h"><Filter>src/gui/game</Filter></ClInclude><ClInclude Include="src/gui/game/Tool.h"><Filter>src/gui/game</Filter></ClInclude><ClInclude Include="src/gui/save/ServerSaveActivity.h"><Filter>src/gui/save</Filter></ClInclude><ClInclude Include="src/gui/save/LocalSaveActivity.h"><Filter>src/gui/save</Filter></ClInclude><ClInclude Include="src/gui/console/ConsoleView.h"><Filter>src/gui/console</Filter></ClInclude><ClInclude Include="src/gui/console/ConsoleCommand.h"><Filter>src/gui/console</Filter></ClInclude><ClInclude Include="src/gui/console/ConsoleController.h"><Filter>src/gui/console</Filter></ClInclude><ClInclude Include="src/gui/console/ConsoleModel.h"><Filter>src/gui/console</Filter></ClInclude><ClInclude Include="src/gui/search/SearchController.h"><Filter>src/gui/search</Filter></ClInclude><ClInclude Include="src/gui/search/SearchModel.h"><Filter>src/gui/search</Filter></ClInclude><ClInclude Include="src/gui/search/SearchView.h"><Filter>src/gui/search</Filter></ClInclude><ClInclude Include="src/gui/elementsearch/ElementSearchActivity.h"><Filter>src/gui/elementsearch</Filter></ClInclude><ClInclude Include="src/gui/options/OptionsView.h"><Filter>src/gui/options</Filter></ClInclude><ClInclude Include="src/gui/options/OptionsModel.h"><Filter>src/gui/options</Filter></ClInclude><ClInclude Include="src/gui/options/OptionsController.h"><Filter>src/gui/options</Filter></ClInclude><ClInclude Include="src/gui/font/FontEditor.h"><Filter>src/gui/font</Filter></ClInclude><ClInclude Include="src/gui/login/LoginView.h"><Filter>src/gui/login</Filter></ClInclude><ClInclude Include="src/gui/login/LoginController.h"><Filter>src/gui/login</Filter></ClInclude><ClInclude Include="src/gui/login/LoginModel.h"><Filter>src/gui/login</Filter></ClInclude><ClInclude Include="src/gui/preview/PreviewModelException.h"><Filter>src/gui/preview</Filter></ClInclude><ClInclude Include="src/gui/preview/PreviewModel.h"><Filter>src/gui/preview</Filter></ClInclude><ClInclude Include="src/gui/preview/PreviewController.h"><Filter>src/gui/preview</Filter></ClInclude><ClInclude Include="src/gui/preview/PreviewView.h"><Filter>src/gui/preview</Filter></ClInclude><ClInclude Include="src/gui/preview/Comment.h"><Filter>src/gui/preview</Filter></ClInclude><ClInclude Include="src/gui/render/RenderModel.h"><Filter>src/gui/render</Filter></ClInclude><ClInclude Include="src/gui/render/RenderView.h"><Filter>src/gui/render</Filter></ClInclude><ClInclude Include="src/gui/render/RenderController.h"><Filter>src/gui/render</Filter></ClInclude><ClInclude Include="src/gui/profile/ProfileActivity.h"><Filter>src/gui/profile</Filter></ClInclude><ClInclude Include="src/gui/dialogues/SaveIDMessage.h"><Filter>src/gui/dialogues</Filter></ClInclude><ClInclude Include="src/gui/dialogues/LegacyDialogues.h"><Filter>src/gui/dialogues</Filter></ClInclude><ClInclude Include="src/gui/dialogues/ErrorMessage.h"><Filter>src/gui/dialogues</Filter></ClInclude><ClInclude Include="src/gui/dialogues/TextPrompt.h"><Filter>src/gui/dialogues</Filter></ClInclude><ClInclude Include="src/gui/dialogues/InformationMessage.h"><Filter>src/gui/dialogues</Filter></ClInclude><ClInclude Include="src/gui/dialogues/ConfirmPrompt.h"><Filter>src/gui/dialogues</Filter></ClInclude><ClInclude Include="src/gui/interface/Panel.h"><Filter>src/gui/interface</Filter></ClInclude><ClInclude Include="src/gui/interface/Window.h"><Filter>src/gui/interface</Filter></ClInclude><ClInclude Include="src/gui/interface/ScrollPanel.h"><Filter>src/gui/interface</Filter></ClInclude><ClInclude Include="src/gui/interface/TextWrapper.h"><Filter>src/gui/interface</Filter></ClInclude><ClInclude Include="src/gui/interface/ProgressBar.h"><Filter>src/gui/interface</Filter></ClInclude><ClInclude Include="src/gui/interface/Border.h"><Filter>src/gui/interface</Filter></ClInclude><ClInclude Include="src/gui/interface/Textbox.h"><Filter>src/gui/interface</Filter></ClInclude><ClInclude Include="src/gui/interface/CopyTextButton.h"><Filter>src/gui/interface</Filter></ClInclude><ClInclude Include="src/gui/interface/Spinner.h"><Filter>src/gui/interface</Filter></ClInclude><ClInclude Include="src/gui/interface/Colour.h"><Filter>src/gui/interface</Filter></ClInclude><ClInclude Include="src/gui/interface/Appearance.h"><Filter>src/gui/interface</Filter></ClInclude><ClInclude Include="src/gui/interface/SaveButton.h"><Filter>src/gui/interface</Filter></ClInclude><ClInclude Include="src/gui/interface/Mouse.h"><Filter>src/gui/interface</Filter></ClInclude><ClInclude Include="src/gui/interface/Checkbox.h"><Filter>src/gui/interface</Filter></ClInclude><ClInclude Include="src/gui/interface/AvatarButton.h"><Filter>src/gui/interface</Filter></ClInclude><ClInclude Include="src/gui/interface/Label.h"><Filter>src/gui/interface</Filter></ClInclude><ClInclude Include="src/gui/interface/ContextMenu.h"><Filter>src/gui/interface</Filter></ClInclude><ClInclude Include="src/gui/interface/RichLabel.h"><Filter>src/gui/interface</Filter></ClInclude><ClInclude Include="src/gui/interface/Engine.h"><Filter>src/gui/interface</Filter></ClInclude><ClInclude Include="src/gui/interface/DropDown.h"><Filter>src/gui/interface</Filter></ClInclude><ClInclude Include="src/gui/interface/Keys.h"><Filter>src/gui/interface</Filter></ClInclude><ClInclude Include="src/gui/interface/Point.h"><Filter>src/gui/interface</Filter></ClInclude><ClInclude Include="src/gui/interface/Button.h"><Filter>src/gui/interface</Filter></ClInclude><ClInclude Include="src/gui/interface/Component.h"><Filter>src/gui/interface</Filter></ClInclude><ClInclude Include="src/gui/interface/Slider.h"><Filter>src/gui/interface</Filter></ClInclude><ClInclude Include="src/gui/tags/TagsController.h"><Filter>src/gui/tags</Filter></ClInclude><ClInclude Include="src/gui/tags/TagsModel.h"><Filter>src/gui/tags</Filter></ClInclude><ClInclude Include="src/gui/tags/TagsView.h"><Filter>src/gui/tags</Filter></ClInclude><ClInclude Include="src/gui/tags/TagsModelException.h"><Filter>src/gui/tags</Filter></ClInclude><ClInclude Include="src/gui/filebrowser/FileBrowserActivity.h"><Filter>src/gui/filebrowser</Filter></ClInclude><ClInclude Include="src/gui/colourpicker/ColourPickerActivity.h"><Filter>src/gui/colourpicker</Filter></ClInclude><ClInclude Include="src/gui/localbrowser/LocalBrowserView.h"><Filter>src/gui/localbrowser</Filter></ClInclude><ClInclude Include="src/gui/localbrowser/LocalBrowserController.h"><Filter>src/gui/localbrowser</Filter></ClInclude><ClInclude Include="src/gui/localbrowser/LocalBrowserModelException.h"><Filter>src/gui/localbrowser</Filter></ClInclude><ClInclude Include="src/gui/localbrowser/LocalBrowserModel.h"><Filter>src/gui/localbrowser</Filter></ClInclude><ClInclude Include="src/client/Client.h"><Filter>src/client</Filter></ClInclude><ClInclude Include="src/client/SaveInfo.h"><Filter>src/client</Filter></ClInclude><ClInclude Include="src/client/GameSave.h"><Filter>src/client</Filter></ClInclude><ClInclude Include="src/client/ClientListener.h"><Filter>src/client</Filter></ClInclude><ClInclude Include="src/client/User.h"><Filter>src/client</Filter></ClInclude><ClInclude Include="src/client/UserInfo.h"><Filter>src/client</Filter></ClInclude><ClInclude Include="src/client/MD5.h"><Filter>src/client</Filter></ClInclude><ClInclude Include="src/client/SaveFile.h"><Filter>src/client</Filter></ClInclude><ClInclude Include="src/client/ThumbnailRendererTask.h"><Filter>src/client</Filter></ClInclude><ClInclude Include="src/client/http/ThumbnailRequest.h"><Filter>src/client/http</Filter></ClInclude><ClInclude Include="src/client/http/SaveUserInfoRequest.h"><Filter>src/client/http</Filter></ClInclude><ClInclude Include="src/client/http/APIRequest.h"><Filter>src/client/http</Filter></ClInclude><ClInclude Include="src/client/http/AvatarRequest.h"><Filter>src/client/http</Filter></ClInclude><ClInclude Include="src/client/http/Request.h"><Filter>src/client/http</Filter></ClInclude><ClInclude Include="src/client/http/GetUserInfoRequest.h"><Filter>src/client/http</Filter></ClInclude><ClInclude Include="src/client/http/RequestMonitor.h"><Filter>src/client/http</Filter></ClInclude><ClInclude Include="src/client/http/RequestManager.h"><Filter>src/client/http</Filter></ClInclude><ClInclude Include="src/client/http/ImageRequest.h"><Filter>src/client/http</Filter></ClInclude><ClInclude Include="src/lua/LuaCheckbox.h"><Filter>src/lua</Filter></ClInclude><ClInclude Include="src/lua/LuaProgressBar.h"><Filter>src/lua</Filter></ClInclude><ClInclude Include="src/lua/LuaButton.h"><Filter>src/lua</Filter></ClInclude><ClInclude Include="src/lua/LuaTextbox.h"><Filter>src/lua</Filter></ClInclude><ClInclude Include="src/lua/LuaSmartRef.h"><Filter>src/lua</Filter></ClInclude><ClInclude Include="src/lua/TPTScriptInterface.h"><Filter>src/lua</Filter></ClInclude><ClInclude Include="src/lua/LuaCompat.h"><Filter>src/lua</Filter></ClInclude><ClInclude Include="src/lua/LuaScriptHelper.h"><Filter>src/lua</Filter></ClInclude><ClInclude Include="src/lua/LuaBit.h"><Filter>src/lua</Filter></ClInclude><ClInclude Include="src/lua/LuaScriptInterface.h"><Filter>src/lua</Filter></ClInclude><ClInclude Include="src/lua/LuaLabel.h"><Filter>src/lua</Filter></ClInclude><ClInclude Include="src/lua/LuaComponent.h"><Filter>src/lua</Filter></ClInclude><ClInclude Include="src/lua/LuaEvents.h"><Filter>src/lua</Filter></ClInclude><ClInclude Include="src/lua/CommandInterface.h"><Filter>src/lua</Filter></ClInclude><ClInclude Include="src/lua/TPTSTypes.h"><Filter>src/lua</Filter></ClInclude><ClInclude Include="src/lua/LuaLuna.h"><Filter>src/lua</Filter></ClInclude><ClInclude Include="src/lua/LuaWindow.h"><Filter>src/lua</Filter></ClInclude><ClInclude Include="src/lua/LuaSlider.h"><Filter>src/lua</Filter></ClInclude><ClInclude Include="src/lua/socket/udp.h"><Filter>src/lua/socket</Filter></ClInclude><ClInclude Include="src/lua/socket/socket.h"><Filter>src/lua/socket</Filter></ClInclude><ClInclude Include="src/lua/socket/unix.h"><Filter>src/lua/socket</Filter></ClInclude><ClInclude Include="src/lua/socket/except.h"><Filter>src/lua/socket</Filter></ClInclude><ClInclude Include="src/lua/socket/io.h"><Filter>src/lua/socket</Filter></ClInclude><ClInclude Include="src/lua/socket/auxiliar.h"><Filter>src/lua/socket</Filter></ClInclude><ClInclude Include="src/lua/socket/tcp.h"><Filter>src/lua/socket</Filter></ClInclude><ClInclude Include="src/lua/socket/socket.lua.h"><Filter>src/lua/socket</Filter></ClInclude><ClInclude Include="src/lua/socket/select.h"><Filter>src/lua/socket</Filter></ClInclude><ClInclude Include="src/lua/socket/usocket.h"><Filter>src/lua/socket</Filter></ClInclude><ClInclude Include="src/lua/socket/options.h"><Filter>src/lua/socket</Filter></ClInclude><ClInclude Include="src/lua/socket/luasocket.h"><Filter>src/lua/socket</Filter></ClInclude><ClInclude Include="src/lua/socket/wsocket.h"><Filter>src/lua/socket</Filter></ClInclude><ClInclude Include="src/lua/socket/buffer.h"><Filter>src/lua/socket</Filter></ClInclude><ClInclude Include="src/lua/socket/inet.h"><Filter>src/lua/socket</Filter></ClInclude><ClInclude Include="src/lua/socket/timeout.h"><Filter>src/lua/socket</Filter></ClInclude><ClInclude Include="src/tasks/TaskWindow.h"><Filter>src/tasks</Filter></ClInclude><ClInclude Include="src/tasks/TaskListener.h"><Filter>src/tasks</Filter></ClInclude><ClInclude Include="src/tasks/Task.h"><Filter>src/tasks</Filter></ClInclude><ClInclude Include="src/tasks/AbandonableTask.h"><Filter>src/tasks</Filter></ClInclude><ClInclude Include="src/bson/BSON.h"><Filter>src/bson</Filter></ClInclude><ClInclude Include="src/debug/DebugLines.h"><Filter>src/debug</Filter></ClInclude><ClInclude Include="src/debug/DebugInfo.h"><Filter>src/debug</Filter></ClInclude><ClInclude Include="src/debug/ParticleDebug.h"><Filter>src/debug</Filter></ClInclude><ClInclude Include="src/debug/ElementPopulation.h"><Filter>src/debug</Filter></ClInclude><ClInclude Include="src/debug/DebugParts.h"><Filter>src/debug</Filter></ClInclude><ClInclude Include="src/common/tpt-compat.h"><Filter>src/common</Filter></ClInclude><ClInclude Include="src/common/Format.h"><Filter>src/common</Filter></ClInclude><ClInclude Include="src/common/tpt-minmax.h"><Filter>src/common</Filter></ClInclude><ClInclude Include="src/common/String.h"><Filter>src/common</Filter></ClInclude><ClInclude Include="src/common/tpt-inline.h"><Filter>src/common</Filter></ClInclude><ClInclude Include="src/common/tpt-rand.h"><Filter>src/common</Filter></ClInclude><ClInclude Include="src/common/Singleton.h"><Filter>src/common</Filter></ClInclude><ClInclude Include="src/powdertoyjava/OpenGLCanvasWin32.h"><Filter>src/powdertoyjava</Filter></ClInclude><ClInclude Include="src/powdertoyjava/PowderToyJava.h"><Filter>src/powdertoyjava</Filter></ClInclude><ClInclude Include="src/powdertoyjava/OpenGLCanvasMacOS.h"><Filter>src/powdertoyjava</Filter></ClInclude><ClInclude Include="src/resampler/resampler.h"><Filter>src/resampler</Filter></ClInclude><ClInclude Include="src/simulation/Simulation.h"><Filter>src/simulation</Filter></ClInclude><ClInclude Include="src/simulation/Air.h"><Filter>src/simulation</Filter></ClInclude><ClInclude Include="src/simulation/Stickman.h"><Filter>src/simulation</Filter></ClInclude><ClInclude Include="src/simulation/ElementCommon.h"><Filter>src/simulation</Filter></ClInclude><ClInclude Include="src/simulation/ToolCommon.h"><Filter>src/simulation</Filter></ClInclude><ClInclude Include="src/simulation/GOLMenu.h"><Filter>src/simulation</Filter></ClInclude><ClInclude Include="src/simulation/Sample.h"><Filter>src/simulation</Filter></ClInclude><ClInclude Include="src/simulation/StructProperty.h"><Filter>src/simulation</Filter></ClInclude><ClInclude Include="src/simulation/ElementDefs.h"><Filter>src/simulation</Filter></ClInclude><ClInclude Include="src/simulation/WallType.h"><Filter>src/simulation</Filter></ClInclude><ClInclude Include="src/simulation/SimulationData.h"><Filter>src/simulation</Filter></ClInclude><ClInclude Include="src/simulation/StorageClasses.h"><Filter>src/simulation</Filter></ClInclude><ClInclude Include="src/simulation/MenuSection.h"><Filter>src/simulation</Filter></ClInclude><ClInclude Include="src/simulation/Snapshot.h"><Filter>src/simulation</Filter></ClInclude><ClInclude Include="src/simulation/CoordStack.h"><Filter>src/simulation</Filter></ClInclude><ClInclude Include="src/simulation/Gravity.h"><Filter>src/simulation</Filter></ClInclude><ClInclude Include="src/simulation/ElementGraphics.h"><Filter>src/simulation</Filter></ClInclude><ClInclude Include="src/simulation/Sign.h"><Filter>src/simulation</Filter></ClInclude><ClInclude Include="src/simulation/Particle.h"><Filter>src/simulation</Filter></ClInclude><ClInclude Include="src/simulation/SaveRenderer.h"><Filter>src/simulation</Filter></ClInclude><ClInclude Include="src/simulation/simtools/SimTool.h"><Filter>src/simulation/simtools</Filter></ClInclude><ClInclude Include="src/simulation/elements/Element.h"><Filter>src/simulation/elements</Filter></ClInclude>
    <ClInclude Include="resources\resource.h">
      <Filter>resources</Filter>
    </ClInclude>
  </ItemGroup>
  <ItemGroup>
    <ResourceCompile Include="resources\powder-res.rc">
      <Filter>resources</Filter>
    </ResourceCompile>
  </ItemGroup>
  <ItemGroup>
    <None Include="src\graphics\DrawMethodsDef.inc">
      <Filter>src\graphics</Filter>
    </None>
    <None Include="src\graphics\OpenGLDrawMethods.inl">
      <Filter>src\graphics</Filter>
    </None>
    <None Include="src\graphics\RasterDrawMethods.inl">
      <Filter>src\graphics</Filter>
    </None>
    <None Include="generator.py" />
    <None Include="vsproject.py" />
    <None Include="SConstruct" />
    <None Include="SConscript" />
    <None Include="README.md" />
    <None Include="src\SDLMain.m" />
	<None Include="src\lua\socket\socket.lua">
      <Filter>src\lua\socket</Filter>
    </None>
  </ItemGroup>
</Project>
